// !$*UTF8*$!
{
	archiveVersion = 1;
	classes = {
	};
	objectVersion = 50;
	objects = {

/* Begin PBXBuildFile section */
		CED12602244DB81F004B54EF /* AppDelegate.swift in Sources */ = {isa = PBXBuildFile; fileRef = CED12601244DB81F004B54EF /* AppDelegate.swift */; };
		CED12604244DB81F004B54EF /* SceneDelegate.swift in Sources */ = {isa = PBXBuildFile; fileRef = CED12603244DB81F004B54EF /* SceneDelegate.swift */; };
		CED12606244DB81F004B54EF /* ViewController.swift in Sources */ = {isa = PBXBuildFile; fileRef = CED12605244DB81F004B54EF /* ViewController.swift */; };
		CED12609244DB81F004B54EF /* Main.storyboard in Resources */ = {isa = PBXBuildFile; fileRef = CED12607244DB81F004B54EF /* Main.storyboard */; };
		CED1260B244DB821004B54EF /* Assets.xcassets in Resources */ = {isa = PBXBuildFile; fileRef = CED1260A244DB821004B54EF /* Assets.xcassets */; };
		CED1260E244DB821004B54EF /* LaunchScreen.storyboard in Resources */ = {isa = PBXBuildFile; fileRef = CED1260C244DB821004B54EF /* LaunchScreen.storyboard */; };
		CED12616244DBA1A004B54EF /* XANHViewController.swift in Sources */ = {isa = PBXBuildFile; fileRef = CED12615244DBA1A004B54EF /* XANHViewController.swift */; };
/* End PBXBuildFile section */

/* Begin PBXFileReference section */
		CED125FE244DB81F004B54EF /* Naaviate.app */ = {isa = PBXFileReference; explicitFileType = wrapper.application; includeInIndex = 0; path = Naaviate.app; sourceTree = BUILT_PRODUCTS_DIR; };
		CED12601244DB81F004B54EF /* AppDelegate.swift */ = {isa = PBXFileReference; lastKnownFileType = sourcecode.swift; path = AppDelegate.swift; sourceTree = "<group>"; };
		CED12603244DB81F004B54EF /* SceneDelegate.swift */ = {isa = PBXFileReference; lastKnownFileType = sourcecode.swift; path = SceneDelegate.swift; sourceTree = "<group>"; };
		CED12605244DB81F004B54EF /* ViewController.swift */ = {isa = PBXFileReference; lastKnownFileType = sourcecode.swift; path = ViewController.swift; sourceTree = "<group>"; };
		CED12608244DB81F004B54EF /* Base */ = {isa = PBXFileReference; lastKnownFileType = file.storyboard; name = Base; path = Base.lproj/Main.storyboard; sourceTree = "<group>"; };
		CED1260A244DB821004B54EF /* Assets.xcassets */ = {isa = PBXFileReference; lastKnownFileType = folder.assetcatalog; path = Assets.xcassets; sourceTree = "<group>"; };
		CED1260D244DB821004B54EF /* Base */ = {isa = PBXFileReference; lastKnownFileType = file.storyboard; name = Base; path = Base.lproj/LaunchScreen.storyboard; sourceTree = "<group>"; };
		CED1260F244DB821004B54EF /* Info.plist */ = {isa = PBXFileReference; lastKnownFileType = text.plist.xml; path = Info.plist; sourceTree = "<group>"; };
		CED12615244DBA1A004B54EF /* XANHViewController.swift */ = {isa = PBXFileReference; lastKnownFileType = sourcecode.swift; path = XANHViewController.swift; sourceTree = "<group>"; };
/* End PBXFileReference section */

/* Begin PBXFrameworksBuildPhase section */
		CED125FB244DB81F004B54EF /* Frameworks */ = {
			isa = PBXFrameworksBuildPhase;
			buildActionMask = 2147483647;
			files = (
			);
			runOnlyForDeploymentPostprocessing = 0;
		};
/* End PBXFrameworksBuildPhase section */

/* Begin PBXGroup section */
		CED125F5244DB81F004B54EF = {
			isa = PBXGroup;
			children = (
				CED12600244DB81F004B54EF /* Naaviate */,
				CED125FF244DB81F004B54EF /* Products */,
			);
			sourceTree = "<group>";
		};
		CED125FF244DB81F004B54EF /* Products */ = {
			isa = PBXGroup;
			children = (
				CED125FE244DB81F004B54EF /* Naaviate.app */,
			);
			name = Products;
			sourceTree = "<group>";
		};
		CED12600244DB81F004B54EF /* Naaviate */ = {
			isa = PBXGroup;
			children = (
				CED12601244DB81F004B54EF /* AppDelegate.swift */,
				CED12603244DB81F004B54EF /* SceneDelegate.swift */,
				CED12605244DB81F004B54EF /* ViewController.swift */,
				CED12607244DB81F004B54EF /* Main.storyboard */,
				CED1260A244DB821004B54EF /* Assets.xcassets */,
				CED1260C244DB821004B54EF /* LaunchScreen.storyboard */,
				CED1260F244DB821004B54EF /* Info.plist */,
				CED12615244DBA1A004B54EF /* XANHViewController.swift */,
			);
			path = Naaviate;
			sourceTree = "<group>";
		};
/* End PBXGroup section */

/* Begin PBXNativeTarget section */
		CED125FD244DB81F004B54EF /* Naaviate */ = {
			isa = PBXNativeTarget;
			buildConfigurationList = CED12612244DB821004B54EF /* Build configuration list for PBXNativeTarget "Naaviate" */;
			buildPhases = (
				CED125FA244DB81F004B54EF /* Sources */,
				CED125FB244DB81F004B54EF /* Frameworks */,
				CED125FC244DB81F004B54EF /* Resources */,
			);
			buildRules = (
			);
			dependencies = (
			);
			name = Naaviate;
			productName = Naaviate;
			productReference = CED125FE244DB81F004B54EF /* Naaviate.app */;
			productType = "com.apple.product-type.application";
		};
/* End PBXNativeTarget section */

/* Begin PBXProject section */
		CED125F6244DB81F004B54EF /* Project object */ = {
			isa = PBXProject;
			attributes = {
				LastSwiftUpdateCheck = 1140;
				LastUpgradeCheck = 1140;
				ORGANIZATIONNAME = "Danny Diep";
				TargetAttributes = {
					CED125FD244DB81F004B54EF = {
						CreatedOnToolsVersion = 11.4;
					};
				};
			};
			buildConfigurationList = CED125F9244DB81F004B54EF /* Build configuration list for PBXProject "Naaviate" */;
			compatibilityVersion = "Xcode 9.3";
			developmentRegion = en;
			hasScannedForEncodings = 0;
			knownRegions = (
				en,
				Base,
			);
			mainGroup = CED125F5244DB81F004B54EF;
			productRefGroup = CED125FF244DB81F004B54EF /* Products */;
			projectDirPath = "";
			projectRoot = "";
			targets = (
				CED125FD244DB81F004B54EF /* Naaviate */,
			);
		};
/* End PBXProject section */

/* Begin PBXResourcesBuildPhase section */
		CED125FC244DB81F004B54EF /* Resources */ = {
			isa = PBXResourcesBuildPhase;
			buildActionMask = 2147483647;
			files = (
				CED1260E244DB821004B54EF /* LaunchScreen.storyboard in Resources */,
				CED1260B244DB821004B54EF /* Assets.xcassets in Resources */,
				CED12609244DB81F004B54EF /* Main.storyboard in Resources */,
			);
			runOnlyForDeploymentPostprocessing = 0;
		};
/* End PBXResourcesBuildPhase section */

/* Begin PBXSourcesBuildPhase section */
		CED125FA244DB81F004B54EF /* Sources */ = {
			isa = PBXSourcesBuildPhase;
			buildActionMask = 2147483647;
			files = (
				CED12606244DB81F004B54EF /* ViewController.swift in Sources */,
				CED12616244DBA1A004B54EF /* XANHViewController.swift in Sources */,
				CED12602244DB81F004B54EF /* AppDelegate.swift in Sources */,
				CED12604244DB81F004B54EF /* SceneDelegate.swift in Sources */,
			);
			runOnlyForDeploymentPostprocessing = 0;
		};
/* End PBXSourcesBuildPhase section */

/* Begin PBXVariantGroup section */
		CED12607244DB81F004B54EF /* Main.storyboard */ = {
			isa = PBXVariantGroup;
			children = (
				CED12608244DB81F004B54EF /* Base */,
			);
			name = Main.storyboard;
			sourceTree = "<group>";
		};
		CED1260C244DB821004B54EF /* LaunchScreen.storyboard */ = {
			isa = PBXVariantGroup;
			children = (
				CED1260D244DB821004B54EF /* Base */,
			);
			name = LaunchScreen.storyboard;
			sourceTree = "<group>";
		};
/* End PBXVariantGroup section */

/* Begin XCBuildConfiguration section */
		CED12610244DB821004B54EF /* Debug */ = {
			isa = XCBuildConfiguration;
			buildSettings = {
				ALWAYS_SEARCH_USER_PATHS = NO;
				CLANG_ANALYZER_NONNULL = YES;
				CLANG_ANALYZER_NUMBER_OBJECT_CONVERSION = YES_AGGRESSIVE;
				CLANG_CXX_LANGUAGE_STANDARD = "gnu++14";
				CLANG_CXX_LIBRARY = "libc++";
				CLANG_ENABLE_MODULES = YES;
				CLANG_ENABLE_OBJC_ARC = YES;
				CLANG_ENABLE_OBJC_WEAK = YES;
				CLANG_WARN_BLOCK_CAPTURE_AUTORELEASING = YES;
				CLANG_WARN_BOOL_CONVERSION = YES;
				CLANG_WARN_COMMA = YES;
				CLANG_WARN_CONSTANT_CONVERSION = YES;
				CLANG_WARN_DEPRECATED_OBJC_IMPLEMENTATIONS = YES;
				CLANG_WARN_DIRECT_OBJC_ISA_USAGE = YES_ERROR;
				CLANG_WARN_DOCUMENTATION_COMMENTS = YES;
				CLANG_WARN_EMPTY_BODY = YES;
				CLANG_WARN_ENUM_CONVERSION = YES;
				CLANG_WARN_INFINITE_RECURSION = YES;
				CLANG_WARN_INT_CONVERSION = YES;
				CLANG_WARN_NON_LITERAL_NULL_CONVERSION = YES;
				CLANG_WARN_OBJC_IMPLICIT_RETAIN_SELF = YES;
				CLANG_WARN_OBJC_LITERAL_CONVERSION = YES;
				CLANG_WARN_OBJC_ROOT_CLASS = YES_ERROR;
				CLANG_WARN_RANGE_LOOP_ANALYSIS = YES;
				CLANG_WARN_STRICT_PROTOTYPES = YES;
				CLANG_WARN_SUSPICIOUS_MOVE = YES;
				CLANG_WARN_UNGUARDED_AVAILABILITY = YES_AGGRESSIVE;
				CLANG_WARN_UNREACHABLE_CODE = YES;
				CLANG_WARN__DUPLICATE_METHOD_MATCH = YES;
				COPY_PHASE_STRIP = NO;
				DEBUG_INFORMATION_FORMAT = dwarf;
				ENABLE_STRICT_OBJC_MSGSEND = YES;
				ENABLE_TESTABILITY = YES;
				GCC_C_LANGUAGE_STANDARD = gnu11;
				GCC_DYNAMIC_NO_PIC = NO;
				GCC_NO_COMMON_BLOCKS = YES;
				GCC_OPTIMIZATION_LEVEL = 0;
				GCC_PREPROCESSOR_DEFINITIONS = (
					"DEBUG=1",
					"$(inherited)",
				);
				GCC_WARN_64_TO_32_BIT_CONVERSION = YES;
				GCC_WARN_ABOUT_RETURN_TYPE = YES_ERROR;
				GCC_WARN_UNDECLARED_SELECTOR = YES;
				GCC_WARN_UNINITIALIZED_AUTOS = YES_AGGRESSIVE;
				GCC_WARN_UNUSED_FUNCTION = YES;
				GCC_WARN_UNUSED_VARIABLE = YES;
				IPHONEOS_DEPLOYMENT_TARGET = 13.4;
				MTL_ENABLE_DEBUG_INFO = INCLUDE_SOURCE;
				MTL_FAST_MATH = YES;
				ONLY_ACTIVE_ARCH = YES;
				SDKROOT = iphoneos;
				SWIFT_ACTIVE_COMPILATION_CONDITIONS = DEBUG;
				SWIFT_OPTIMIZATION_LEVEL = "-Onone";
			};
			name = Debug;
		};
		CED12611244DB821004B54EF /* Release */ = {
			isa = XCBuildConfiguration;
			buildSettings = {
				ALWAYS_SEARCH_USER_PATHS = NO;
				CLANG_ANALYZER_NONNULL = YES;
				CLANG_ANALYZER_NUMBER_OBJECT_CONVERSION = YES_AGGRESSIVE;
				CLANG_CXX_LANGUAGE_STANDARD = "gnu++14";
				CLANG_CXX_LIBRARY = "libc++";
				CLANG_ENABLE_MODULES = YES;
				CLANG_ENABLE_OBJC_ARC = YES;
				CLANG_ENABLE_OBJC_WEAK = YES;
				CLANG_WARN_BLOCK_CAPTURE_AUTORELEASING = YES;
				CLANG_WARN_BOOL_CONVERSION = YES;
				CLANG_WARN_COMMA = YES;
				CLANG_WARN_CONSTANT_CONVERSION = YES;
				CLANG_WARN_DEPRECATED_OBJC_IMPLEMENTATIONS = YES;
				CLANG_WARN_DIRECT_OBJC_ISA_USAGE = YES_ERROR;
				CLANG_WARN_DOCUMENTATION_COMMENTS = YES;
				CLANG_WARN_EMPTY_BODY = YES;
				CLANG_WARN_ENUM_CONVERSION = YES;
				CLANG_WARN_INFINITE_RECURSION = YES;
				CLANG_WARN_INT_CONVERSION = YES;
				CLANG_WARN_NON_LITERAL_NULL_CONVERSION = YES;
				CLANG_WARN_OBJC_IMPLICIT_RETAIN_SELF = YES;
				CLANG_WARN_OBJC_LITERAL_CONVERSION = YES;
				CLANG_WARN_OBJC_ROOT_CLASS = YES_ERROR;
				CLANG_WARN_RANGE_LOOP_ANALYSIS = YES;
				CLANG_WARN_STRICT_PROTOTYPES = YES;
				CLANG_WARN_SUSPICIOUS_MOVE = YES;
				CLANG_WARN_UNGUARDED_AVAILABILITY = YES_AGGRESSIVE;
				CLANG_WARN_UNREACHABLE_CODE = YES;
				CLANG_WARN__DUPLICATE_METHOD_MATCH = YES;
				COPY_PHASE_STRIP = NO;
				DEBUG_INFORMATION_FORMAT = "dwarf-with-dsym";
				ENABLE_NS_ASSERTIONS = NO;
				ENABLE_STRICT_OBJC_MSGSEND = YES;
				GCC_C_LANGUAGE_STANDARD = gnu11;
				GCC_NO_COMMON_BLOCKS = YES;
				GCC_WARN_64_TO_32_BIT_CONVERSION = YES;
				GCC_WARN_ABOUT_RETURN_TYPE = YES_ERROR;
				GCC_WARN_UNDECLARED_SELECTOR = YES;
				GCC_WARN_UNINITIALIZED_AUTOS = YES_AGGRESSIVE;
				GCC_WARN_UNUSED_FUNCTION = YES;
				GCC_WARN_UNUSED_VARIABLE = YES;
				IPHONEOS_DEPLOYMENT_TARGET = 13.4;
				MTL_ENABLE_DEBUG_INFO = NO;
				MTL_FAST_MATH = YES;
				SDKROOT = iphoneos;
				SWIFT_COMPILATION_MODE = wholemodule;
				SWIFT_OPTIMIZATION_LEVEL = "-O";
				VALIDATE_PRODUCT = YES;
			};
			name = Release;
		};
		CED12613244DB821004B54EF /* Debug */ = {
			isa = XCBuildConfiguration;
			buildSettings = {
				ASSETCATALOG_COMPILER_APPICON_NAME = AppIcon;
				CODE_SIGN_STYLE = Automatic;
				DEVELOPMENT_TEAM = A96XG5S2KW;
				INFOPLIST_FILE = Naaviate/Info.plist;
				LD_RUNPATH_SEARCH_PATHS = (
					"$(inherited)",
					"@executable_path/Frameworks",
				);
				PRODUCT_BUNDLE_IDENTIFIER = com.dannydiepvu.Naaviate;
				PRODUCT_NAME = "$(TARGET_NAME)";
				SWIFT_VERSION = 5.0;
				TARGETED_DEVICE_FAMILY = "1,2";
			};
			name = Debug;
		};
		CED12614244DB821004B54EF /* Release */ = {
			isa = XCBuildConfiguration;
			buildSettings = {
				ASSETCATALOG_COMPILER_APPICON_NAME = AppIcon;
				CODE_SIGN_STYLE = Automatic;
				DEVELOPMENT_TEAM = A96XG5S2KW;
				INFOPLIST_FILE = Naaviate/Info.plist;
				LD_RUNPATH_SEARCH_PATHS = (
					"$(inherited)",
					"@executable_path/Frameworks",
				);
				PRODUCT_BUNDLE_IDENTIFIER = com.dannydiepvu.Naaviate;
				PRODUCT_NAME = "$(TARGET_NAME)";
				SWIFT_VERSION = 5.0;
				TARGETED_DEVICE_FAMILY = "1,2";
			};
			name = Release;
		};
/* End XCBuildConfiguration section */

/* Begin XCConfigurationList section */
		CED125F9244DB81F004B54EF /* Build configuration list for PBXProject "Naaviate" */ = {
			isa = XCConfigurationList;
			buildConfigurations = (
				CED12610244DB821004B54EF /* Debug */,
				CED12611244DB821004B54EF /* Release */,
			);
			defaultConfigurationIsVisible = 0;
			defaultConfigurationName = Release;
		};
		CED12612244DB821004B54EF /* Build configuration list for PBXNativeTarget "Naaviate" */ = {
			isa = XCConfigurationList;
			buildConfigurations = (
				CED12613244DB821004B54EF /* Debug */,
				CED12614244DB821004B54EF /* Release */,
			);
			defaultConfigurationIsVisible = 0;
			defaultConfigurationName = Release;
		};
/* End XCConfigurationList section */
	};
	rootObject = CED125F6244DB81F004B54EF /* Project object */;
}
