// !$*UTF8*$!
{
	archiveVersion = 1;
	classes = {
	};
	objectVersion = 50;
	objects = {

/* Begin PBXBuildFile section */
		CE99BB792446B01F0074CAE3 /* AppDelegate.swift in Sources */ = {isa = PBXBuildFile; fileRef = CE99BB782446B01F0074CAE3 /* AppDelegate.swift */; };
		CE99BB7B2446B01F0074CAE3 /* SceneDelegate.swift in Sources */ = {isa = PBXBuildFile; fileRef = CE99BB7A2446B01F0074CAE3 /* SceneDelegate.swift */; };
		CE99BB7D2446B01F0074CAE3 /* ViewController.swift in Sources */ = {isa = PBXBuildFile; fileRef = CE99BB7C2446B01F0074CAE3 /* ViewController.swift */; };
		CE99BB802446B01F0074CAE3 /* Main.storyboard in Resources */ = {isa = PBXBuildFile; fileRef = CE99BB7E2446B01F0074CAE3 /* Main.storyboard */; };
		CE99BB822446B0210074CAE3 /* Assets.xcassets in Resources */ = {isa = PBXBuildFile; fileRef = CE99BB812446B0210074CAE3 /* Assets.xcassets */; };
		CE99BB852446B0210074CAE3 /* LaunchScreen.storyboard in Resources */ = {isa = PBXBuildFile; fileRef = CE99BB832446B0210074CAE3 /* LaunchScreen.storyboard */; };
		CEDF17CC2447063300BE1D89 /* ConNguoi.swift in Sources */ = {isa = PBXBuildFile; fileRef = CEDF17CB2447063300BE1D89 /* ConNguoi.swift */; };
/* End PBXBuildFile section */

/* Begin PBXFileReference section */
		CE99BB752446B01F0074CAE3 /* OOP1.app */ = {isa = PBXFileReference; explicitFileType = wrapper.application; includeInIndex = 0; path = OOP1.app; sourceTree = BUILT_PRODUCTS_DIR; };
		CE99BB782446B01F0074CAE3 /* AppDelegate.swift */ = {isa = PBXFileReference; lastKnownFileType = sourcecode.swift; path = AppDelegate.swift; sourceTree = "<group>"; };
		CE99BB7A2446B01F0074CAE3 /* SceneDelegate.swift */ = {isa = PBXFileReference; lastKnownFileType = sourcecode.swift; path = SceneDelegate.swift; sourceTree = "<group>"; };
		CE99BB7C2446B01F0074CAE3 /* ViewController.swift */ = {isa = PBXFileReference; lastKnownFileType = sourcecode.swift; path = ViewController.swift; sourceTree = "<group>"; };
		CE99BB7F2446B01F0074CAE3 /* Base */ = {isa = PBXFileReference; lastKnownFileType = file.storyboard; name = Base; path = Base.lproj/Main.storyboard; sourceTree = "<group>"; };
		CE99BB812446B0210074CAE3 /* Assets.xcassets */ = {isa = PBXFileReference; lastKnownFileType = folder.assetcatalog; path = Assets.xcassets; sourceTree = "<group>"; };
		CE99BB842446B0210074CAE3 /* Base */ = {isa = PBXFileReference; lastKnownFileType = file.storyboard; name = Base; path = Base.lproj/LaunchScreen.storyboard; sourceTree = "<group>"; };
		CE99BB862446B0210074CAE3 /* Info.plist */ = {isa = PBXFileReference; lastKnownFileType = text.plist.xml; path = Info.plist; sourceTree = "<group>"; };
		CEDF17CB2447063300BE1D89 /* ConNguoi.swift */ = {isa = PBXFileReference; lastKnownFileType = sourcecode.swift; path = ConNguoi.swift; sourceTree = "<group>"; };
/* End PBXFileReference section */

/* Begin PBXFrameworksBuildPhase section */
		CE99BB722446B01F0074CAE3 /* Frameworks */ = {
			isa = PBXFrameworksBuildPhase;
			buildActionMask = 2147483647;
			files = (
			);
			runOnlyForDeploymentPostprocessing = 0;
		};
/* End PBXFrameworksBuildPhase section */

/* Begin PBXGroup section */
		CE99BB6C2446B01F0074CAE3 = {
			isa = PBXGroup;
			children = (
				CE99BB772446B01F0074CAE3 /* OOP1 */,
				CE99BB762446B01F0074CAE3 /* Products */,
			);
			sourceTree = "<group>";
		};
		CE99BB762446B01F0074CAE3 /* Products */ = {
			isa = PBXGroup;
			children = (
				CE99BB752446B01F0074CAE3 /* OOP1.app */,
			);
			name = Products;
			sourceTree = "<group>";
		};
		CE99BB772446B01F0074CAE3 /* OOP1 */ = {
			isa = PBXGroup;
			children = (
				CEDF17CA2447062500BE1D89 /* Class */,
				CE99BB782446B01F0074CAE3 /* AppDelegate.swift */,
				CE99BB7A2446B01F0074CAE3 /* SceneDelegate.swift */,
				CE99BB7C2446B01F0074CAE3 /* ViewController.swift */,
				CE99BB7E2446B01F0074CAE3 /* Main.storyboard */,
				CE99BB812446B0210074CAE3 /* Assets.xcassets */,
				CE99BB832446B0210074CAE3 /* LaunchScreen.storyboard */,
				CE99BB862446B0210074CAE3 /* Info.plist */,
			);
			path = OOP1;
			sourceTree = "<group>";
		};
		CEDF17CA2447062500BE1D89 /* Class */ = {
			isa = PBXGroup;
			children = (
				CEDF17CB2447063300BE1D89 /* ConNguoi.swift */,
			);
			path = Class;
			sourceTree = "<group>";
		};
/* End PBXGroup section */

/* Begin PBXNativeTarget section */
		CE99BB742446B01F0074CAE3 /* OOP1 */ = {
			isa = PBXNativeTarget;
			buildConfigurationList = CE99BB892446B0210074CAE3 /* Build configuration list for PBXNativeTarget "OOP1" */;
			buildPhases = (
				CE99BB712446B01F0074CAE3 /* Sources */,
				CE99BB722446B01F0074CAE3 /* Frameworks */,
				CE99BB732446B01F0074CAE3 /* Resources */,
			);
			buildRules = (
			);
			dependencies = (
			);
			name = OOP1;
			productName = OOP1;
			productReference = CE99BB752446B01F0074CAE3 /* OOP1.app */;
			productType = "com.apple.product-type.application";
		};
/* End PBXNativeTarget section */

/* Begin PBXProject section */
		CE99BB6D2446B01F0074CAE3 /* Project object */ = {
			isa = PBXProject;
			attributes = {
				LastSwiftUpdateCheck = 1140;
				LastUpgradeCheck = 1140;
				ORGANIZATIONNAME = "Danny Diep";
				TargetAttributes = {
					CE99BB742446B01F0074CAE3 = {
						CreatedOnToolsVersion = 11.4;
					};
				};
			};
			buildConfigurationList = CE99BB702446B01F0074CAE3 /* Build configuration list for PBXProject "OOP1" */;
			compatibilityVersion = "Xcode 9.3";
			developmentRegion = en;
			hasScannedForEncodings = 0;
			knownRegions = (
				en,
				Base,
			);
			mainGroup = CE99BB6C2446B01F0074CAE3;
			productRefGroup = CE99BB762446B01F0074CAE3 /* Products */;
			projectDirPath = "";
			projectRoot = "";
			targets = (
				CE99BB742446B01F0074CAE3 /* OOP1 */,
			);
		};
/* End PBXProject section */

/* Begin PBXResourcesBuildPhase section */
		CE99BB732446B01F0074CAE3 /* Resources */ = {
			isa = PBXResourcesBuildPhase;
			buildActionMask = 2147483647;
			files = (
				CE99BB852446B0210074CAE3 /* LaunchScreen.storyboard in Resources */,
				CE99BB822446B0210074CAE3 /* Assets.xcassets in Resources */,
				CE99BB802446B01F0074CAE3 /* Main.storyboard in Resources */,
			);
			runOnlyForDeploymentPostprocessing = 0;
		};
/* End PBXResourcesBuildPhase section */

/* Begin PBXSourcesBuildPhase section */
		CE99BB712446B01F0074CAE3 /* Sources */ = {
			isa = PBXSourcesBuildPhase;
			buildActionMask = 2147483647;
			files = (
				CE99BB7D2446B01F0074CAE3 /* ViewController.swift in Sources */,
				CE99BB792446B01F0074CAE3 /* AppDelegate.swift in Sources */,
				CE99BB7B2446B01F0074CAE3 /* SceneDelegate.swift in Sources */,
				CEDF17CC2447063300BE1D89 /* ConNguoi.swift in Sources */,
			);
			runOnlyForDeploymentPostprocessing = 0;
		};
/* End PBXSourcesBuildPhase section */

/* Begin PBXVariantGroup section */
		CE99BB7E2446B01F0074CAE3 /* Main.storyboard */ = {
			isa = PBXVariantGroup;
			children = (
				CE99BB7F2446B01F0074CAE3 /* Base */,
			);
			name = Main.storyboard;
			sourceTree = "<group>";
		};
		CE99BB832446B0210074CAE3 /* LaunchScreen.storyboard */ = {
			isa = PBXVariantGroup;
			children = (
				CE99BB842446B0210074CAE3 /* Base */,
			);
			name = LaunchScreen.storyboard;
			sourceTree = "<group>";
		};
/* End PBXVariantGroup section */

/* Begin XCBuildConfiguration section */
		CE99BB872446B0210074CAE3 /* Debug */ = {
			isa = XCBuildConfiguration;
			buildSettings = {
				ALWAYS_SEARCH_USER_PATHS = NO;
				CLANG_ANALYZER_NONNULL = YES;
				CLANG_ANALYZER_NUMBER_OBJECT_CONVERSION = YES_AGGRESSIVE;
				CLANG_CXX_LANGUAGE_STANDARD = "gnu++14";
				CLANG_CXX_LIBRARY = "libc++";
				CLANG_ENABLE_MODULES = YES;
				CLANG_ENABLE_OBJC_ARC = YES;
				CLANG_ENABLE_OBJC_WEAK = YES;
				CLANG_WARN_BLOCK_CAPTURE_AUTORELEASING = YES;
				CLANG_WARN_BOOL_CONVERSION = YES;
				CLANG_WARN_COMMA = YES;
				CLANG_WARN_CONSTANT_CONVERSION = YES;
				CLANG_WARN_DEPRECATED_OBJC_IMPLEMENTATIONS = YES;
				CLANG_WARN_DIRECT_OBJC_ISA_USAGE = YES_ERROR;
				CLANG_WARN_DOCUMENTATION_COMMENTS = YES;
				CLANG_WARN_EMPTY_BODY = YES;
				CLANG_WARN_ENUM_CONVERSION = YES;
				CLANG_WARN_INFINITE_RECURSION = YES;
				CLANG_WARN_INT_CONVERSION = YES;
				CLANG_WARN_NON_LITERAL_NULL_CONVERSION = YES;
				CLANG_WARN_OBJC_IMPLICIT_RETAIN_SELF = YES;
				CLANG_WARN_OBJC_LITERAL_CONVERSION = YES;
				CLANG_WARN_OBJC_ROOT_CLASS = YES_ERROR;
				CLANG_WARN_RANGE_LOOP_ANALYSIS = YES;
				CLANG_WARN_STRICT_PROTOTYPES = YES;
				CLANG_WARN_SUSPICIOUS_MOVE = YES;
				CLANG_WARN_UNGUARDED_AVAILABILITY = YES_AGGRESSIVE;
				CLANG_WARN_UNREACHABLE_CODE = YES;
				CLANG_WARN__DUPLICATE_METHOD_MATCH = YES;
				COPY_PHASE_STRIP = NO;
				DEBUG_INFORMATION_FORMAT = dwarf;
				ENABLE_STRICT_OBJC_MSGSEND = YES;
				ENABLE_TESTABILITY = YES;
				GCC_C_LANGUAGE_STANDARD = gnu11;
				GCC_DYNAMIC_NO_PIC = NO;
				GCC_NO_COMMON_BLOCKS = YES;
				GCC_OPTIMIZATION_LEVEL = 0;
				GCC_PREPROCESSOR_DEFINITIONS = (
					"DEBUG=1",
					"$(inherited)",
				);
				GCC_WARN_64_TO_32_BIT_CONVERSION = YES;
				GCC_WARN_ABOUT_RETURN_TYPE = YES_ERROR;
				GCC_WARN_UNDECLARED_SELECTOR = YES;
				GCC_WARN_UNINITIALIZED_AUTOS = YES_AGGRESSIVE;
				GCC_WARN_UNUSED_FUNCTION = YES;
				GCC_WARN_UNUSED_VARIABLE = YES;
				IPHONEOS_DEPLOYMENT_TARGET = 13.4;
				MTL_ENABLE_DEBUG_INFO = INCLUDE_SOURCE;
				MTL_FAST_MATH = YES;
				ONLY_ACTIVE_ARCH = YES;
				SDKROOT = iphoneos;
				SWIFT_ACTIVE_COMPILATION_CONDITIONS = DEBUG;
				SWIFT_OPTIMIZATION_LEVEL = "-Onone";
			};
			name = Debug;
		};
		CE99BB882446B0210074CAE3 /* Release */ = {
			isa = XCBuildConfiguration;
			buildSettings = {
				ALWAYS_SEARCH_USER_PATHS = NO;
				CLANG_ANALYZER_NONNULL = YES;
				CLANG_ANALYZER_NUMBER_OBJECT_CONVERSION = YES_AGGRESSIVE;
				CLANG_CXX_LANGUAGE_STANDARD = "gnu++14";
				CLANG_CXX_LIBRARY = "libc++";
				CLANG_ENABLE_MODULES = YES;
				CLANG_ENABLE_OBJC_ARC = YES;
				CLANG_ENABLE_OBJC_WEAK = YES;
				CLANG_WARN_BLOCK_CAPTURE_AUTORELEASING = YES;
				CLANG_WARN_BOOL_CONVERSION = YES;
				CLANG_WARN_COMMA = YES;
				CLANG_WARN_CONSTANT_CONVERSION = YES;
				CLANG_WARN_DEPRECATED_OBJC_IMPLEMENTATIONS = YES;
				CLANG_WARN_DIRECT_OBJC_ISA_USAGE = YES_ERROR;
				CLANG_WARN_DOCUMENTATION_COMMENTS = YES;
				CLANG_WARN_EMPTY_BODY = YES;
				CLANG_WARN_ENUM_CONVERSION = YES;
				CLANG_WARN_INFINITE_RECURSION = YES;
				CLANG_WARN_INT_CONVERSION = YES;
				CLANG_WARN_NON_LITERAL_NULL_CONVERSION = YES;
				CLANG_WARN_OBJC_IMPLICIT_RETAIN_SELF = YES;
				CLANG_WARN_OBJC_LITERAL_CONVERSION = YES;
				CLANG_WARN_OBJC_ROOT_CLASS = YES_ERROR;
				CLANG_WARN_RANGE_LOOP_ANALYSIS = YES;
				CLANG_WARN_STRICT_PROTOTYPES = YES;
				CLANG_WARN_SUSPICIOUS_MOVE = YES;
				CLANG_WARN_UNGUARDED_AVAILABILITY = YES_AGGRESSIVE;
				CLANG_WARN_UNREACHABLE_CODE = YES;
				CLANG_WARN__DUPLICATE_METHOD_MATCH = YES;
				COPY_PHASE_STRIP = NO;
				DEBUG_INFORMATION_FORMAT = "dwarf-with-dsym";
				ENABLE_NS_ASSERTIONS = NO;
				ENABLE_STRICT_OBJC_MSGSEND = YES;
				GCC_C_LANGUAGE_STANDARD = gnu11;
				GCC_NO_COMMON_BLOCKS = YES;
				GCC_WARN_64_TO_32_BIT_CONVERSION = YES;
				GCC_WARN_ABOUT_RETURN_TYPE = YES_ERROR;
				GCC_WARN_UNDECLARED_SELECTOR = YES;
				GCC_WARN_UNINITIALIZED_AUTOS = YES_AGGRESSIVE;
				GCC_WARN_UNUSED_FUNCTION = YES;
				GCC_WARN_UNUSED_VARIABLE = YES;
				IPHONEOS_DEPLOYMENT_TARGET = 13.4;
				MTL_ENABLE_DEBUG_INFO = NO;
				MTL_FAST_MATH = YES;
				SDKROOT = iphoneos;
				SWIFT_COMPILATION_MODE = wholemodule;
				SWIFT_OPTIMIZATION_LEVEL = "-O";
				VALIDATE_PRODUCT = YES;
			};
			name = Release;
		};
		CE99BB8A2446B0210074CAE3 /* Debug */ = {
			isa = XCBuildConfiguration;
			buildSettings = {
				ASSETCATALOG_COMPILER_APPICON_NAME = AppIcon;
				CODE_SIGN_STYLE = Automatic;
				DEVELOPMENT_TEAM = A96XG5S2KW;
				INFOPLIST_FILE = OOP1/Info.plist;
				LD_RUNPATH_SEARCH_PATHS = (
					"$(inherited)",
					"@executable_path/Frameworks",
				);
				PRODUCT_BUNDLE_IDENTIFIER = com.dannydiepvu.OOP1;
				PRODUCT_NAME = "$(TARGET_NAME)";
				SWIFT_VERSION = 5.0;
				TARGETED_DEVICE_FAMILY = "1,2";
			};
			name = Debug;
		};
		CE99BB8B2446B0210074CAE3 /* Release */ = {
			isa = XCBuildConfiguration;
			buildSettings = {
				ASSETCATALOG_COMPILER_APPICON_NAME = AppIcon;
				CODE_SIGN_STYLE = Automatic;
				DEVELOPMENT_TEAM = A96XG5S2KW;
				INFOPLIST_FILE = OOP1/Info.plist;
				LD_RUNPATH_SEARCH_PATHS = (
					"$(inherited)",
					"@executable_path/Frameworks",
				);
				PRODUCT_BUNDLE_IDENTIFIER = com.dannydiepvu.OOP1;
				PRODUCT_NAME = "$(TARGET_NAME)";
				SWIFT_VERSION = 5.0;
				TARGETED_DEVICE_FAMILY = "1,2";
			};
			name = Release;
		};
/* End XCBuildConfiguration section */

/* Begin XCConfigurationList section */
		CE99BB702446B01F0074CAE3 /* Build configuration list for PBXProject "OOP1" */ = {
			isa = XCConfigurationList;
			buildConfigurations = (
				CE99BB872446B0210074CAE3 /* Debug */,
				CE99BB882446B0210074CAE3 /* Release */,
			);
			defaultConfigurationIsVisible = 0;
			defaultConfigurationName = Release;
		};
		CE99BB892446B0210074CAE3 /* Build configuration list for PBXNativeTarget "OOP1" */ = {
			isa = XCConfigurationList;
			buildConfigurations = (
				CE99BB8A2446B0210074CAE3 /* Debug */,
				CE99BB8B2446B0210074CAE3 /* Release */,
			);
			defaultConfigurationIsVisible = 0;
			defaultConfigurationName = Release;
		};
/* End XCConfigurationList section */
	};
	rootObject = CE99BB6D2446B01F0074CAE3 /* Project object */;
}
