// !$*UTF8*$!
{
	archiveVersion = 1;
	classes = {
	};
	objectVersion = 50;
	objects = {

/* Begin PBXBuildFile section */
		CEC5E57E24625525000A5788 /* AppDelegate.swift in Sources */ = {isa = PBXBuildFile; fileRef = CEC5E57D24625525000A5788 /* AppDelegate.swift */; };
		CEC5E58024625525000A5788 /* SceneDelegate.swift in Sources */ = {isa = PBXBuildFile; fileRef = CEC5E57F24625525000A5788 /* SceneDelegate.swift */; };
		CEC5E58224625525000A5788 /* ViewController.swift in Sources */ = {isa = PBXBuildFile; fileRef = CEC5E58124625525000A5788 /* ViewController.swift */; };
		CEC5E58524625525000A5788 /* Main.storyboard in Resources */ = {isa = PBXBuildFile; fileRef = CEC5E58324625525000A5788 /* Main.storyboard */; };
		CEC5E58724625525000A5788 /* Assets.xcassets in Resources */ = {isa = PBXBuildFile; fileRef = CEC5E58624625525000A5788 /* Assets.xcassets */; };
		CEC5E58A24625525000A5788 /* LaunchScreen.storyboard in Resources */ = {isa = PBXBuildFile; fileRef = CEC5E58824625525000A5788 /* LaunchScreen.storyboard */; };
		CEC5E5922462745A000A5788 /* subTableViewCell.swift in Sources */ = {isa = PBXBuildFile; fileRef = CEC5E5912462745A000A5788 /* subTableViewCell.swift */; };
		CEC5E594246279A5000A5788 /* ViewController02.swift in Sources */ = {isa = PBXBuildFile; fileRef = CEC5E593246279A5000A5788 /* ViewController02.swift */; };
/* End PBXBuildFile section */

/* Begin PBXFileReference section */
		CEC5E57A24625525000A5788 /* online Table View.app */ = {isa = PBXFileReference; explicitFileType = wrapper.application; includeInIndex = 0; path = "online Table View.app"; sourceTree = BUILT_PRODUCTS_DIR; };
		CEC5E57D24625525000A5788 /* AppDelegate.swift */ = {isa = PBXFileReference; lastKnownFileType = sourcecode.swift; path = AppDelegate.swift; sourceTree = "<group>"; };
		CEC5E57F24625525000A5788 /* SceneDelegate.swift */ = {isa = PBXFileReference; lastKnownFileType = sourcecode.swift; path = SceneDelegate.swift; sourceTree = "<group>"; };
		CEC5E58124625525000A5788 /* ViewController.swift */ = {isa = PBXFileReference; lastKnownFileType = sourcecode.swift; path = ViewController.swift; sourceTree = "<group>"; };
		CEC5E58424625525000A5788 /* Base */ = {isa = PBXFileReference; lastKnownFileType = file.storyboard; name = Base; path = Base.lproj/Main.storyboard; sourceTree = "<group>"; };
		CEC5E58624625525000A5788 /* Assets.xcassets */ = {isa = PBXFileReference; lastKnownFileType = folder.assetcatalog; path = Assets.xcassets; sourceTree = "<group>"; };
		CEC5E58924625525000A5788 /* Base */ = {isa = PBXFileReference; lastKnownFileType = file.storyboard; name = Base; path = Base.lproj/LaunchScreen.storyboard; sourceTree = "<group>"; };
		CEC5E58B24625525000A5788 /* Info.plist */ = {isa = PBXFileReference; lastKnownFileType = text.plist.xml; path = Info.plist; sourceTree = "<group>"; };
		CEC5E5912462745A000A5788 /* subTableViewCell.swift */ = {isa = PBXFileReference; lastKnownFileType = sourcecode.swift; path = subTableViewCell.swift; sourceTree = "<group>"; };
		CEC5E593246279A5000A5788 /* ViewController02.swift */ = {isa = PBXFileReference; lastKnownFileType = sourcecode.swift; path = ViewController02.swift; sourceTree = "<group>"; };
/* End PBXFileReference section */

/* Begin PBXFrameworksBuildPhase section */
		CEC5E57724625525000A5788 /* Frameworks */ = {
			isa = PBXFrameworksBuildPhase;
			buildActionMask = 2147483647;
			files = (
			);
			runOnlyForDeploymentPostprocessing = 0;
		};
/* End PBXFrameworksBuildPhase section */

/* Begin PBXGroup section */
		CEC5E57124625525000A5788 = {
			isa = PBXGroup;
			children = (
				CEC5E57C24625525000A5788 /* online Table View */,
				CEC5E57B24625525000A5788 /* Products */,
			);
			sourceTree = "<group>";
		};
		CEC5E57B24625525000A5788 /* Products */ = {
			isa = PBXGroup;
			children = (
				CEC5E57A24625525000A5788 /* online Table View.app */,
			);
			name = Products;
			sourceTree = "<group>";
		};
		CEC5E57C24625525000A5788 /* online Table View */ = {
			isa = PBXGroup;
			children = (
				CEC5E57D24625525000A5788 /* AppDelegate.swift */,
				CEC5E57F24625525000A5788 /* SceneDelegate.swift */,
				CEC5E58124625525000A5788 /* ViewController.swift */,
				CEC5E58324625525000A5788 /* Main.storyboard */,
				CEC5E593246279A5000A5788 /* ViewController02.swift */,
				CEC5E5912462745A000A5788 /* subTableViewCell.swift */,
				CEC5E58624625525000A5788 /* Assets.xcassets */,
				CEC5E58824625525000A5788 /* LaunchScreen.storyboard */,
				CEC5E58B24625525000A5788 /* Info.plist */,
			);
			path = "online Table View";
			sourceTree = "<group>";
		};
/* End PBXGroup section */

/* Begin PBXNativeTarget section */
		CEC5E57924625525000A5788 /* online Table View */ = {
			isa = PBXNativeTarget;
			buildConfigurationList = CEC5E58E24625525000A5788 /* Build configuration list for PBXNativeTarget "online Table View" */;
			buildPhases = (
				CEC5E57624625525000A5788 /* Sources */,
				CEC5E57724625525000A5788 /* Frameworks */,
				CEC5E57824625525000A5788 /* Resources */,
			);
			buildRules = (
			);
			dependencies = (
			);
			name = "online Table View";
			productName = "online Table View";
			productReference = CEC5E57A24625525000A5788 /* online Table View.app */;
			productType = "com.apple.product-type.application";
		};
/* End PBXNativeTarget section */

/* Begin PBXProject section */
		CEC5E57224625525000A5788 /* Project object */ = {
			isa = PBXProject;
			attributes = {
				LastSwiftUpdateCheck = 1140;
				LastUpgradeCheck = 1140;
				ORGANIZATIONNAME = "Danny Diep";
				TargetAttributes = {
					CEC5E57924625525000A5788 = {
						CreatedOnToolsVersion = 11.4;
					};
				};
			};
			buildConfigurationList = CEC5E57524625525000A5788 /* Build configuration list for PBXProject "online Table View" */;
			compatibilityVersion = "Xcode 9.3";
			developmentRegion = en;
			hasScannedForEncodings = 0;
			knownRegions = (
				en,
				Base,
			);
			mainGroup = CEC5E57124625525000A5788;
			productRefGroup = CEC5E57B24625525000A5788 /* Products */;
			projectDirPath = "";
			projectRoot = "";
			targets = (
				CEC5E57924625525000A5788 /* online Table View */,
			);
		};
/* End PBXProject section */

/* Begin PBXResourcesBuildPhase section */
		CEC5E57824625525000A5788 /* Resources */ = {
			isa = PBXResourcesBuildPhase;
			buildActionMask = 2147483647;
			files = (
				CEC5E58A24625525000A5788 /* LaunchScreen.storyboard in Resources */,
				CEC5E58724625525000A5788 /* Assets.xcassets in Resources */,
				CEC5E58524625525000A5788 /* Main.storyboard in Resources */,
			);
			runOnlyForDeploymentPostprocessing = 0;
		};
/* End PBXResourcesBuildPhase section */

/* Begin PBXSourcesBuildPhase section */
		CEC5E57624625525000A5788 /* Sources */ = {
			isa = PBXSourcesBuildPhase;
			buildActionMask = 2147483647;
			files = (
				CEC5E58224625525000A5788 /* ViewController.swift in Sources */,
				CEC5E57E24625525000A5788 /* AppDelegate.swift in Sources */,
				CEC5E5922462745A000A5788 /* subTableViewCell.swift in Sources */,
				CEC5E58024625525000A5788 /* SceneDelegate.swift in Sources */,
				CEC5E594246279A5000A5788 /* ViewController02.swift in Sources */,
			);
			runOnlyForDeploymentPostprocessing = 0;
		};
/* End PBXSourcesBuildPhase section */

/* Begin PBXVariantGroup section */
		CEC5E58324625525000A5788 /* Main.storyboard */ = {
			isa = PBXVariantGroup;
			children = (
				CEC5E58424625525000A5788 /* Base */,
			);
			name = Main.storyboard;
			sourceTree = "<group>";
		};
		CEC5E58824625525000A5788 /* LaunchScreen.storyboard */ = {
			isa = PBXVariantGroup;
			children = (
				CEC5E58924625525000A5788 /* Base */,
			);
			name = LaunchScreen.storyboard;
			sourceTree = "<group>";
		};
/* End PBXVariantGroup section */

/* Begin XCBuildConfiguration section */
		CEC5E58C24625525000A5788 /* Debug */ = {
			isa = XCBuildConfiguration;
			buildSettings = {
				ALWAYS_SEARCH_USER_PATHS = NO;
				CLANG_ANALYZER_NONNULL = YES;
				CLANG_ANALYZER_NUMBER_OBJECT_CONVERSION = YES_AGGRESSIVE;
				CLANG_CXX_LANGUAGE_STANDARD = "gnu++14";
				CLANG_CXX_LIBRARY = "libc++";
				CLANG_ENABLE_MODULES = YES;
				CLANG_ENABLE_OBJC_ARC = YES;
				CLANG_ENABLE_OBJC_WEAK = YES;
				CLANG_WARN_BLOCK_CAPTURE_AUTORELEASING = YES;
				CLANG_WARN_BOOL_CONVERSION = YES;
				CLANG_WARN_COMMA = YES;
				CLANG_WARN_CONSTANT_CONVERSION = YES;
				CLANG_WARN_DEPRECATED_OBJC_IMPLEMENTATIONS = YES;
				CLANG_WARN_DIRECT_OBJC_ISA_USAGE = YES_ERROR;
				CLANG_WARN_DOCUMENTATION_COMMENTS = YES;
				CLANG_WARN_EMPTY_BODY = YES;
				CLANG_WARN_ENUM_CONVERSION = YES;
				CLANG_WARN_INFINITE_RECURSION = YES;
				CLANG_WARN_INT_CONVERSION = YES;
				CLANG_WARN_NON_LITERAL_NULL_CONVERSION = YES;
				CLANG_WARN_OBJC_IMPLICIT_RETAIN_SELF = YES;
				CLANG_WARN_OBJC_LITERAL_CONVERSION = YES;
				CLANG_WARN_OBJC_ROOT_CLASS = YES_ERROR;
				CLANG_WARN_RANGE_LOOP_ANALYSIS = YES;
				CLANG_WARN_STRICT_PROTOTYPES = YES;
				CLANG_WARN_SUSPICIOUS_MOVE = YES;
				CLANG_WARN_UNGUARDED_AVAILABILITY = YES_AGGRESSIVE;
				CLANG_WARN_UNREACHABLE_CODE = YES;
				CLANG_WARN__DUPLICATE_METHOD_MATCH = YES;
				COPY_PHASE_STRIP = NO;
				DEBUG_INFORMATION_FORMAT = dwarf;
				ENABLE_STRICT_OBJC_MSGSEND = YES;
				ENABLE_TESTABILITY = YES;
				GCC_C_LANGUAGE_STANDARD = gnu11;
				GCC_DYNAMIC_NO_PIC = NO;
				GCC_NO_COMMON_BLOCKS = YES;
				GCC_OPTIMIZATION_LEVEL = 0;
				GCC_PREPROCESSOR_DEFINITIONS = (
					"DEBUG=1",
					"$(inherited)",
				);
				GCC_WARN_64_TO_32_BIT_CONVERSION = YES;
				GCC_WARN_ABOUT_RETURN_TYPE = YES_ERROR;
				GCC_WARN_UNDECLARED_SELECTOR = YES;
				GCC_WARN_UNINITIALIZED_AUTOS = YES_AGGRESSIVE;
				GCC_WARN_UNUSED_FUNCTION = YES;
				GCC_WARN_UNUSED_VARIABLE = YES;
				IPHONEOS_DEPLOYMENT_TARGET = 13.4;
				MTL_ENABLE_DEBUG_INFO = INCLUDE_SOURCE;
				MTL_FAST_MATH = YES;
				ONLY_ACTIVE_ARCH = YES;
				SDKROOT = iphoneos;
				SWIFT_ACTIVE_COMPILATION_CONDITIONS = DEBUG;
				SWIFT_OPTIMIZATION_LEVEL = "-Onone";
			};
			name = Debug;
		};
		CEC5E58D24625525000A5788 /* Release */ = {
			isa = XCBuildConfiguration;
			buildSettings = {
				ALWAYS_SEARCH_USER_PATHS = NO;
				CLANG_ANALYZER_NONNULL = YES;
				CLANG_ANALYZER_NUMBER_OBJECT_CONVERSION = YES_AGGRESSIVE;
				CLANG_CXX_LANGUAGE_STANDARD = "gnu++14";
				CLANG_CXX_LIBRARY = "libc++";
				CLANG_ENABLE_MODULES = YES;
				CLANG_ENABLE_OBJC_ARC = YES;
				CLANG_ENABLE_OBJC_WEAK = YES;
				CLANG_WARN_BLOCK_CAPTURE_AUTORELEASING = YES;
				CLANG_WARN_BOOL_CONVERSION = YES;
				CLANG_WARN_COMMA = YES;
				CLANG_WARN_CONSTANT_CONVERSION = YES;
				CLANG_WARN_DEPRECATED_OBJC_IMPLEMENTATIONS = YES;
				CLANG_WARN_DIRECT_OBJC_ISA_USAGE = YES_ERROR;
				CLANG_WARN_DOCUMENTATION_COMMENTS = YES;
				CLANG_WARN_EMPTY_BODY = YES;
				CLANG_WARN_ENUM_CONVERSION = YES;
				CLANG_WARN_INFINITE_RECURSION = YES;
				CLANG_WARN_INT_CONVERSION = YES;
				CLANG_WARN_NON_LITERAL_NULL_CONVERSION = YES;
				CLANG_WARN_OBJC_IMPLICIT_RETAIN_SELF = YES;
				CLANG_WARN_OBJC_LITERAL_CONVERSION = YES;
				CLANG_WARN_OBJC_ROOT_CLASS = YES_ERROR;
				CLANG_WARN_RANGE_LOOP_ANALYSIS = YES;
				CLANG_WARN_STRICT_PROTOTYPES = YES;
				CLANG_WARN_SUSPICIOUS_MOVE = YES;
				CLANG_WARN_UNGUARDED_AVAILABILITY = YES_AGGRESSIVE;
				CLANG_WARN_UNREACHABLE_CODE = YES;
				CLANG_WARN__DUPLICATE_METHOD_MATCH = YES;
				COPY_PHASE_STRIP = NO;
				DEBUG_INFORMATION_FORMAT = "dwarf-with-dsym";
				ENABLE_NS_ASSERTIONS = NO;
				ENABLE_STRICT_OBJC_MSGSEND = YES;
				GCC_C_LANGUAGE_STANDARD = gnu11;
				GCC_NO_COMMON_BLOCKS = YES;
				GCC_WARN_64_TO_32_BIT_CONVERSION = YES;
				GCC_WARN_ABOUT_RETURN_TYPE = YES_ERROR;
				GCC_WARN_UNDECLARED_SELECTOR = YES;
				GCC_WARN_UNINITIALIZED_AUTOS = YES_AGGRESSIVE;
				GCC_WARN_UNUSED_FUNCTION = YES;
				GCC_WARN_UNUSED_VARIABLE = YES;
				IPHONEOS_DEPLOYMENT_TARGET = 13.4;
				MTL_ENABLE_DEBUG_INFO = NO;
				MTL_FAST_MATH = YES;
				SDKROOT = iphoneos;
				SWIFT_COMPILATION_MODE = wholemodule;
				SWIFT_OPTIMIZATION_LEVEL = "-O";
				VALIDATE_PRODUCT = YES;
			};
			name = Release;
		};
		CEC5E58F24625525000A5788 /* Debug */ = {
			isa = XCBuildConfiguration;
			buildSettings = {
				ASSETCATALOG_COMPILER_APPICON_NAME = AppIcon;
				CODE_SIGN_STYLE = Automatic;
				DEVELOPMENT_TEAM = A96XG5S2KW;
				INFOPLIST_FILE = "online Table View/Info.plist";
				LD_RUNPATH_SEARCH_PATHS = (
					"$(inherited)",
					"@executable_path/Frameworks",
				);
				PRODUCT_BUNDLE_IDENTIFIER = "com.dannydiepvu.online-Table-View";
				PRODUCT_NAME = "$(TARGET_NAME)";
				SWIFT_VERSION = 5.0;
				TARGETED_DEVICE_FAMILY = "1,2";
			};
			name = Debug;
		};
		CEC5E59024625525000A5788 /* Release */ = {
			isa = XCBuildConfiguration;
			buildSettings = {
				ASSETCATALOG_COMPILER_APPICON_NAME = AppIcon;
				CODE_SIGN_STYLE = Automatic;
				DEVELOPMENT_TEAM = A96XG5S2KW;
				INFOPLIST_FILE = "online Table View/Info.plist";
				LD_RUNPATH_SEARCH_PATHS = (
					"$(inherited)",
					"@executable_path/Frameworks",
				);
				PRODUCT_BUNDLE_IDENTIFIER = "com.dannydiepvu.online-Table-View";
				PRODUCT_NAME = "$(TARGET_NAME)";
				SWIFT_VERSION = 5.0;
				TARGETED_DEVICE_FAMILY = "1,2";
			};
			name = Release;
		};
/* End XCBuildConfiguration section */

/* Begin XCConfigurationList section */
		CEC5E57524625525000A5788 /* Build configuration list for PBXProject "online Table View" */ = {
			isa = XCConfigurationList;
			buildConfigurations = (
				CEC5E58C24625525000A5788 /* Debug */,
				CEC5E58D24625525000A5788 /* Release */,
			);
			defaultConfigurationIsVisible = 0;
			defaultConfigurationName = Release;
		};
		CEC5E58E24625525000A5788 /* Build configuration list for PBXNativeTarget "online Table View" */ = {
			isa = XCConfigurationList;
			buildConfigurations = (
				CEC5E58F24625525000A5788 /* Debug */,
				CEC5E59024625525000A5788 /* Release */,
			);
			defaultConfigurationIsVisible = 0;
			defaultConfigurationName = Release;
		};
/* End XCConfigurationList section */
	};
	rootObject = CEC5E57224625525000A5788 /* Project object */;
}
