// !$*UTF8*$!
{
	archiveVersion = 1;
	classes = {
	};
	objectVersion = 50;
	objects = {

/* Begin PBXBuildFile section */
		CEDDED8524754664000A378D /* AppDelegate.swift in Sources */ = {isa = PBXBuildFile; fileRef = CEDDED8424754664000A378D /* AppDelegate.swift */; };
		CEDDED8724754664000A378D /* SceneDelegate.swift in Sources */ = {isa = PBXBuildFile; fileRef = CEDDED8624754664000A378D /* SceneDelegate.swift */; };
		CEDDED8924754664000A378D /* ViewController.swift in Sources */ = {isa = PBXBuildFile; fileRef = CEDDED8824754664000A378D /* ViewController.swift */; };
		CEDDED8C24754664000A378D /* Main.storyboard in Resources */ = {isa = PBXBuildFile; fileRef = CEDDED8A24754664000A378D /* Main.storyboard */; };
		CEDDED8E24754667000A378D /* Assets.xcassets in Resources */ = {isa = PBXBuildFile; fileRef = CEDDED8D24754667000A378D /* Assets.xcassets */; };
		CEDDED9124754667000A378D /* LaunchScreen.storyboard in Resources */ = {isa = PBXBuildFile; fileRef = CEDDED8F24754667000A378D /* LaunchScreen.storyboard */; };
		CEDDED9C247547AA000A378D /* DONGTableViewCell.swift in Sources */ = {isa = PBXBuildFile; fileRef = CEDDED9B247547AA000A378D /* DONGTableViewCell.swift */; };
/* End PBXBuildFile section */

/* Begin PBXFileReference section */
		CEDDED8124754664000A378D /* Lecture14 TableView - Recap.app */ = {isa = PBXFileReference; explicitFileType = wrapper.application; includeInIndex = 0; path = "Lecture14 TableView - Recap.app"; sourceTree = BUILT_PRODUCTS_DIR; };
		CEDDED8424754664000A378D /* AppDelegate.swift */ = {isa = PBXFileReference; lastKnownFileType = sourcecode.swift; path = AppDelegate.swift; sourceTree = "<group>"; };
		CEDDED8624754664000A378D /* SceneDelegate.swift */ = {isa = PBXFileReference; lastKnownFileType = sourcecode.swift; path = SceneDelegate.swift; sourceTree = "<group>"; };
		CEDDED8824754664000A378D /* ViewController.swift */ = {isa = PBXFileReference; lastKnownFileType = sourcecode.swift; path = ViewController.swift; sourceTree = "<group>"; };
		CEDDED8B24754664000A378D /* Base */ = {isa = PBXFileReference; lastKnownFileType = file.storyboard; name = Base; path = Base.lproj/Main.storyboard; sourceTree = "<group>"; };
		CEDDED8D24754667000A378D /* Assets.xcassets */ = {isa = PBXFileReference; lastKnownFileType = folder.assetcatalog; path = Assets.xcassets; sourceTree = "<group>"; };
		CEDDED9024754667000A378D /* Base */ = {isa = PBXFileReference; lastKnownFileType = file.storyboard; name = Base; path = Base.lproj/LaunchScreen.storyboard; sourceTree = "<group>"; };
		CEDDED9224754667000A378D /* Info.plist */ = {isa = PBXFileReference; lastKnownFileType = text.plist.xml; path = Info.plist; sourceTree = "<group>"; };
		CEDDED9B247547AA000A378D /* DONGTableViewCell.swift */ = {isa = PBXFileReference; lastKnownFileType = sourcecode.swift; path = DONGTableViewCell.swift; sourceTree = "<group>"; };
/* End PBXFileReference section */

/* Begin PBXFrameworksBuildPhase section */
		CEDDED7E24754664000A378D /* Frameworks */ = {
			isa = PBXFrameworksBuildPhase;
			buildActionMask = 2147483647;
			files = (
			);
			runOnlyForDeploymentPostprocessing = 0;
		};
/* End PBXFrameworksBuildPhase section */

/* Begin PBXGroup section */
		CEDDED7824754664000A378D = {
			isa = PBXGroup;
			children = (
				CEDDED8324754664000A378D /* Lecture14 TableView - Recap */,
				CEDDED8224754664000A378D /* Products */,
			);
			sourceTree = "<group>";
		};
		CEDDED8224754664000A378D /* Products */ = {
			isa = PBXGroup;
			children = (
				CEDDED8124754664000A378D /* Lecture14 TableView - Recap.app */,
			);
			name = Products;
			sourceTree = "<group>";
		};
		CEDDED8324754664000A378D /* Lecture14 TableView - Recap */ = {
			isa = PBXGroup;
			children = (
				CEDDED8424754664000A378D /* AppDelegate.swift */,
				CEDDED9824754712000A378D /* class */,
				CEDDED8624754664000A378D /* SceneDelegate.swift */,
				CEDDED8824754664000A378D /* ViewController.swift */,
				CEDDED8A24754664000A378D /* Main.storyboard */,
				CEDDED8D24754667000A378D /* Assets.xcassets */,
				CEDDED8F24754667000A378D /* LaunchScreen.storyboard */,
				CEDDED9224754667000A378D /* Info.plist */,
			);
			path = "Lecture14 TableView - Recap";
			sourceTree = "<group>";
		};
		CEDDED9824754712000A378D /* class */ = {
			isa = PBXGroup;
			children = (
				CEDDED9B247547AA000A378D /* DONGTableViewCell.swift */,
			);
			path = class;
			sourceTree = "<group>";
		};
/* End PBXGroup section */

/* Begin PBXNativeTarget section */
		CEDDED8024754664000A378D /* Lecture14 TableView - Recap */ = {
			isa = PBXNativeTarget;
			buildConfigurationList = CEDDED9524754667000A378D /* Build configuration list for PBXNativeTarget "Lecture14 TableView - Recap" */;
			buildPhases = (
				CEDDED7D24754664000A378D /* Sources */,
				CEDDED7E24754664000A378D /* Frameworks */,
				CEDDED7F24754664000A378D /* Resources */,
			);
			buildRules = (
			);
			dependencies = (
			);
			name = "Lecture14 TableView - Recap";
			productName = "Lecture14 TableView - Recap";
			productReference = CEDDED8124754664000A378D /* Lecture14 TableView - Recap.app */;
			productType = "com.apple.product-type.application";
		};
/* End PBXNativeTarget section */

/* Begin PBXProject section */
		CEDDED7924754664000A378D /* Project object */ = {
			isa = PBXProject;
			attributes = {
				LastSwiftUpdateCheck = 1140;
				LastUpgradeCheck = 1140;
				ORGANIZATIONNAME = "Danny Diep";
				TargetAttributes = {
					CEDDED8024754664000A378D = {
						CreatedOnToolsVersion = 11.4;
					};
				};
			};
			buildConfigurationList = CEDDED7C24754664000A378D /* Build configuration list for PBXProject "Lecture14 TableView - Recap" */;
			compatibilityVersion = "Xcode 9.3";
			developmentRegion = en;
			hasScannedForEncodings = 0;
			knownRegions = (
				en,
				Base,
			);
			mainGroup = CEDDED7824754664000A378D;
			productRefGroup = CEDDED8224754664000A378D /* Products */;
			projectDirPath = "";
			projectRoot = "";
			targets = (
				CEDDED8024754664000A378D /* Lecture14 TableView - Recap */,
			);
		};
/* End PBXProject section */

/* Begin PBXResourcesBuildPhase section */
		CEDDED7F24754664000A378D /* Resources */ = {
			isa = PBXResourcesBuildPhase;
			buildActionMask = 2147483647;
			files = (
				CEDDED9124754667000A378D /* LaunchScreen.storyboard in Resources */,
				CEDDED8E24754667000A378D /* Assets.xcassets in Resources */,
				CEDDED8C24754664000A378D /* Main.storyboard in Resources */,
			);
			runOnlyForDeploymentPostprocessing = 0;
		};
/* End PBXResourcesBuildPhase section */

/* Begin PBXSourcesBuildPhase section */
		CEDDED7D24754664000A378D /* Sources */ = {
			isa = PBXSourcesBuildPhase;
			buildActionMask = 2147483647;
			files = (
				CEDDED8924754664000A378D /* ViewController.swift in Sources */,
				CEDDED9C247547AA000A378D /* DONGTableViewCell.swift in Sources */,
				CEDDED8524754664000A378D /* AppDelegate.swift in Sources */,
				CEDDED8724754664000A378D /* SceneDelegate.swift in Sources */,
			);
			runOnlyForDeploymentPostprocessing = 0;
		};
/* End PBXSourcesBuildPhase section */

/* Begin PBXVariantGroup section */
		CEDDED8A24754664000A378D /* Main.storyboard */ = {
			isa = PBXVariantGroup;
			children = (
				CEDDED8B24754664000A378D /* Base */,
			);
			name = Main.storyboard;
			sourceTree = "<group>";
		};
		CEDDED8F24754667000A378D /* LaunchScreen.storyboard */ = {
			isa = PBXVariantGroup;
			children = (
				CEDDED9024754667000A378D /* Base */,
			);
			name = LaunchScreen.storyboard;
			sourceTree = "<group>";
		};
/* End PBXVariantGroup section */

/* Begin XCBuildConfiguration section */
		CEDDED9324754667000A378D /* Debug */ = {
			isa = XCBuildConfiguration;
			buildSettings = {
				ALWAYS_SEARCH_USER_PATHS = NO;
				CLANG_ANALYZER_NONNULL = YES;
				CLANG_ANALYZER_NUMBER_OBJECT_CONVERSION = YES_AGGRESSIVE;
				CLANG_CXX_LANGUAGE_STANDARD = "gnu++14";
				CLANG_CXX_LIBRARY = "libc++";
				CLANG_ENABLE_MODULES = YES;
				CLANG_ENABLE_OBJC_ARC = YES;
				CLANG_ENABLE_OBJC_WEAK = YES;
				CLANG_WARN_BLOCK_CAPTURE_AUTORELEASING = YES;
				CLANG_WARN_BOOL_CONVERSION = YES;
				CLANG_WARN_COMMA = YES;
				CLANG_WARN_CONSTANT_CONVERSION = YES;
				CLANG_WARN_DEPRECATED_OBJC_IMPLEMENTATIONS = YES;
				CLANG_WARN_DIRECT_OBJC_ISA_USAGE = YES_ERROR;
				CLANG_WARN_DOCUMENTATION_COMMENTS = YES;
				CLANG_WARN_EMPTY_BODY = YES;
				CLANG_WARN_ENUM_CONVERSION = YES;
				CLANG_WARN_INFINITE_RECURSION = YES;
				CLANG_WARN_INT_CONVERSION = YES;
				CLANG_WARN_NON_LITERAL_NULL_CONVERSION = YES;
				CLANG_WARN_OBJC_IMPLICIT_RETAIN_SELF = YES;
				CLANG_WARN_OBJC_LITERAL_CONVERSION = YES;
				CLANG_WARN_OBJC_ROOT_CLASS = YES_ERROR;
				CLANG_WARN_RANGE_LOOP_ANALYSIS = YES;
				CLANG_WARN_STRICT_PROTOTYPES = YES;
				CLANG_WARN_SUSPICIOUS_MOVE = YES;
				CLANG_WARN_UNGUARDED_AVAILABILITY = YES_AGGRESSIVE;
				CLANG_WARN_UNREACHABLE_CODE = YES;
				CLANG_WARN__DUPLICATE_METHOD_MATCH = YES;
				COPY_PHASE_STRIP = NO;
				DEBUG_INFORMATION_FORMAT = dwarf;
				ENABLE_STRICT_OBJC_MSGSEND = YES;
				ENABLE_TESTABILITY = YES;
				GCC_C_LANGUAGE_STANDARD = gnu11;
				GCC_DYNAMIC_NO_PIC = NO;
				GCC_NO_COMMON_BLOCKS = YES;
				GCC_OPTIMIZATION_LEVEL = 0;
				GCC_PREPROCESSOR_DEFINITIONS = (
					"DEBUG=1",
					"$(inherited)",
				);
				GCC_WARN_64_TO_32_BIT_CONVERSION = YES;
				GCC_WARN_ABOUT_RETURN_TYPE = YES_ERROR;
				GCC_WARN_UNDECLARED_SELECTOR = YES;
				GCC_WARN_UNINITIALIZED_AUTOS = YES_AGGRESSIVE;
				GCC_WARN_UNUSED_FUNCTION = YES;
				GCC_WARN_UNUSED_VARIABLE = YES;
				IPHONEOS_DEPLOYMENT_TARGET = 13.4;
				MTL_ENABLE_DEBUG_INFO = INCLUDE_SOURCE;
				MTL_FAST_MATH = YES;
				ONLY_ACTIVE_ARCH = YES;
				SDKROOT = iphoneos;
				SWIFT_ACTIVE_COMPILATION_CONDITIONS = DEBUG;
				SWIFT_OPTIMIZATION_LEVEL = "-Onone";
			};
			name = Debug;
		};
		CEDDED9424754667000A378D /* Release */ = {
			isa = XCBuildConfiguration;
			buildSettings = {
				ALWAYS_SEARCH_USER_PATHS = NO;
				CLANG_ANALYZER_NONNULL = YES;
				CLANG_ANALYZER_NUMBER_OBJECT_CONVERSION = YES_AGGRESSIVE;
				CLANG_CXX_LANGUAGE_STANDARD = "gnu++14";
				CLANG_CXX_LIBRARY = "libc++";
				CLANG_ENABLE_MODULES = YES;
				CLANG_ENABLE_OBJC_ARC = YES;
				CLANG_ENABLE_OBJC_WEAK = YES;
				CLANG_WARN_BLOCK_CAPTURE_AUTORELEASING = YES;
				CLANG_WARN_BOOL_CONVERSION = YES;
				CLANG_WARN_COMMA = YES;
				CLANG_WARN_CONSTANT_CONVERSION = YES;
				CLANG_WARN_DEPRECATED_OBJC_IMPLEMENTATIONS = YES;
				CLANG_WARN_DIRECT_OBJC_ISA_USAGE = YES_ERROR;
				CLANG_WARN_DOCUMENTATION_COMMENTS = YES;
				CLANG_WARN_EMPTY_BODY = YES;
				CLANG_WARN_ENUM_CONVERSION = YES;
				CLANG_WARN_INFINITE_RECURSION = YES;
				CLANG_WARN_INT_CONVERSION = YES;
				CLANG_WARN_NON_LITERAL_NULL_CONVERSION = YES;
				CLANG_WARN_OBJC_IMPLICIT_RETAIN_SELF = YES;
				CLANG_WARN_OBJC_LITERAL_CONVERSION = YES;
				CLANG_WARN_OBJC_ROOT_CLASS = YES_ERROR;
				CLANG_WARN_RANGE_LOOP_ANALYSIS = YES;
				CLANG_WARN_STRICT_PROTOTYPES = YES;
				CLANG_WARN_SUSPICIOUS_MOVE = YES;
				CLANG_WARN_UNGUARDED_AVAILABILITY = YES_AGGRESSIVE;
				CLANG_WARN_UNREACHABLE_CODE = YES;
				CLANG_WARN__DUPLICATE_METHOD_MATCH = YES;
				COPY_PHASE_STRIP = NO;
				DEBUG_INFORMATION_FORMAT = "dwarf-with-dsym";
				ENABLE_NS_ASSERTIONS = NO;
				ENABLE_STRICT_OBJC_MSGSEND = YES;
				GCC_C_LANGUAGE_STANDARD = gnu11;
				GCC_NO_COMMON_BLOCKS = YES;
				GCC_WARN_64_TO_32_BIT_CONVERSION = YES;
				GCC_WARN_ABOUT_RETURN_TYPE = YES_ERROR;
				GCC_WARN_UNDECLARED_SELECTOR = YES;
				GCC_WARN_UNINITIALIZED_AUTOS = YES_AGGRESSIVE;
				GCC_WARN_UNUSED_FUNCTION = YES;
				GCC_WARN_UNUSED_VARIABLE = YES;
				IPHONEOS_DEPLOYMENT_TARGET = 13.4;
				MTL_ENABLE_DEBUG_INFO = NO;
				MTL_FAST_MATH = YES;
				SDKROOT = iphoneos;
				SWIFT_COMPILATION_MODE = wholemodule;
				SWIFT_OPTIMIZATION_LEVEL = "-O";
				VALIDATE_PRODUCT = YES;
			};
			name = Release;
		};
		CEDDED9624754667000A378D /* Debug */ = {
			isa = XCBuildConfiguration;
			buildSettings = {
				ASSETCATALOG_COMPILER_APPICON_NAME = AppIcon;
				CODE_SIGN_STYLE = Automatic;
				DEVELOPMENT_TEAM = A96XG5S2KW;
				INFOPLIST_FILE = "Lecture14 TableView - Recap/Info.plist";
				LD_RUNPATH_SEARCH_PATHS = (
					"$(inherited)",
					"@executable_path/Frameworks",
				);
				PRODUCT_BUNDLE_IDENTIFIER = "com.dannydiepvu.Lecture14-TableView---Recap";
				PRODUCT_NAME = "$(TARGET_NAME)";
				SWIFT_VERSION = 5.0;
				TARGETED_DEVICE_FAMILY = "1,2";
			};
			name = Debug;
		};
		CEDDED9724754667000A378D /* Release */ = {
			isa = XCBuildConfiguration;
			buildSettings = {
				ASSETCATALOG_COMPILER_APPICON_NAME = AppIcon;
				CODE_SIGN_STYLE = Automatic;
				DEVELOPMENT_TEAM = A96XG5S2KW;
				INFOPLIST_FILE = "Lecture14 TableView - Recap/Info.plist";
				LD_RUNPATH_SEARCH_PATHS = (
					"$(inherited)",
					"@executable_path/Frameworks",
				);
				PRODUCT_BUNDLE_IDENTIFIER = "com.dannydiepvu.Lecture14-TableView---Recap";
				PRODUCT_NAME = "$(TARGET_NAME)";
				SWIFT_VERSION = 5.0;
				TARGETED_DEVICE_FAMILY = "1,2";
			};
			name = Release;
		};
/* End XCBuildConfiguration section */

/* Begin XCConfigurationList section */
		CEDDED7C24754664000A378D /* Build configuration list for PBXProject "Lecture14 TableView - Recap" */ = {
			isa = XCConfigurationList;
			buildConfigurations = (
				CEDDED9324754667000A378D /* Debug */,
				CEDDED9424754667000A378D /* Release */,
			);
			defaultConfigurationIsVisible = 0;
			defaultConfigurationName = Release;
		};
		CEDDED9524754667000A378D /* Build configuration list for PBXNativeTarget "Lecture14 TableView - Recap" */ = {
			isa = XCConfigurationList;
			buildConfigurations = (
				CEDDED9624754667000A378D /* Debug */,
				CEDDED9724754667000A378D /* Release */,
			);
			defaultConfigurationIsVisible = 0;
			defaultConfigurationName = Release;
		};
/* End XCConfigurationList section */
	};
	rootObject = CEDDED7924754664000A378D /* Project object */;
}
