// !$*UTF8*$!
{
	archiveVersion = 1;
	classes = {
	};
	objectVersion = 50;
	objects = {

/* Begin PBXBuildFile section */
		CEB9A5DA24505B6A00B435C3 /* AppDelegate.swift in Sources */ = {isa = PBXBuildFile; fileRef = CEB9A5D924505B6A00B435C3 /* AppDelegate.swift */; };
		CEB9A5DC24505B6A00B435C3 /* SceneDelegate.swift in Sources */ = {isa = PBXBuildFile; fileRef = CEB9A5DB24505B6A00B435C3 /* SceneDelegate.swift */; };
		CEB9A5DE24505B6A00B435C3 /* ViewController.swift in Sources */ = {isa = PBXBuildFile; fileRef = CEB9A5DD24505B6A00B435C3 /* ViewController.swift */; };
		CEB9A5E124505B6A00B435C3 /* Main.storyboard in Resources */ = {isa = PBXBuildFile; fileRef = CEB9A5DF24505B6A00B435C3 /* Main.storyboard */; };
		CEB9A5E324505B6B00B435C3 /* Assets.xcassets in Resources */ = {isa = PBXBuildFile; fileRef = CEB9A5E224505B6B00B435C3 /* Assets.xcassets */; };
		CEB9A5E624505B6B00B435C3 /* LaunchScreen.storyboard in Resources */ = {isa = PBXBuildFile; fileRef = CEB9A5E424505B6B00B435C3 /* LaunchScreen.storyboard */; };
		CEB9A5EF24505BF800B435C3 /* XANHViewController.swift in Sources */ = {isa = PBXBuildFile; fileRef = CEB9A5EE24505BF800B435C3 /* XANHViewController.swift */; };
		CEB9A5F124505C6300B435C3 /* VANGViewController.swift in Sources */ = {isa = PBXBuildFile; fileRef = CEB9A5F024505C6300B435C3 /* VANGViewController.swift */; };
		CEB9A5F424506BB200B435C3 /* HamChuyenManHinh.swift in Sources */ = {isa = PBXBuildFile; fileRef = CEB9A5F324506BB200B435C3 /* HamChuyenManHinh.swift */; };
/* End PBXBuildFile section */

/* Begin PBXFileReference section */
		CEB9A5D624505B6A00B435C3 /* navigation.app */ = {isa = PBXFileReference; explicitFileType = wrapper.application; includeInIndex = 0; path = navigation.app; sourceTree = BUILT_PRODUCTS_DIR; };
		CEB9A5D924505B6A00B435C3 /* AppDelegate.swift */ = {isa = PBXFileReference; lastKnownFileType = sourcecode.swift; path = AppDelegate.swift; sourceTree = "<group>"; };
		CEB9A5DB24505B6A00B435C3 /* SceneDelegate.swift */ = {isa = PBXFileReference; lastKnownFileType = sourcecode.swift; path = SceneDelegate.swift; sourceTree = "<group>"; };
		CEB9A5DD24505B6A00B435C3 /* ViewController.swift */ = {isa = PBXFileReference; lastKnownFileType = sourcecode.swift; path = ViewController.swift; sourceTree = "<group>"; };
		CEB9A5E024505B6A00B435C3 /* Base */ = {isa = PBXFileReference; lastKnownFileType = file.storyboard; name = Base; path = Base.lproj/Main.storyboard; sourceTree = "<group>"; };
		CEB9A5E224505B6B00B435C3 /* Assets.xcassets */ = {isa = PBXFileReference; lastKnownFileType = folder.assetcatalog; path = Assets.xcassets; sourceTree = "<group>"; };
		CEB9A5E524505B6B00B435C3 /* Base */ = {isa = PBXFileReference; lastKnownFileType = file.storyboard; name = Base; path = Base.lproj/LaunchScreen.storyboard; sourceTree = "<group>"; };
		CEB9A5E724505B6B00B435C3 /* Info.plist */ = {isa = PBXFileReference; lastKnownFileType = text.plist.xml; path = Info.plist; sourceTree = "<group>"; };
		CEB9A5EE24505BF800B435C3 /* XANHViewController.swift */ = {isa = PBXFileReference; lastKnownFileType = sourcecode.swift; path = XANHViewController.swift; sourceTree = "<group>"; };
		CEB9A5F024505C6300B435C3 /* VANGViewController.swift */ = {isa = PBXFileReference; lastKnownFileType = sourcecode.swift; path = VANGViewController.swift; sourceTree = "<group>"; };
		CEB9A5F324506BB200B435C3 /* HamChuyenManHinh.swift */ = {isa = PBXFileReference; lastKnownFileType = sourcecode.swift; path = HamChuyenManHinh.swift; sourceTree = "<group>"; };
/* End PBXFileReference section */

/* Begin PBXFrameworksBuildPhase section */
		CEB9A5D324505B6A00B435C3 /* Frameworks */ = {
			isa = PBXFrameworksBuildPhase;
			buildActionMask = 2147483647;
			files = (
			);
			runOnlyForDeploymentPostprocessing = 0;
		};
/* End PBXFrameworksBuildPhase section */

/* Begin PBXGroup section */
		CEB9A5CD24505B6A00B435C3 = {
			isa = PBXGroup;
			children = (
				CEB9A5D824505B6A00B435C3 /* navigation */,
				CEB9A5D724505B6A00B435C3 /* Products */,
			);
			sourceTree = "<group>";
		};
		CEB9A5D724505B6A00B435C3 /* Products */ = {
			isa = PBXGroup;
			children = (
				CEB9A5D624505B6A00B435C3 /* navigation.app */,
			);
			name = Products;
			sourceTree = "<group>";
		};
		CEB9A5D824505B6A00B435C3 /* navigation */ = {
			isa = PBXGroup;
			children = (
				CEB9A5F224506B9700B435C3 /* Models */,
				CEB9A5ED24505BE300B435C3 /* Views */,
				CEB9A5D924505B6A00B435C3 /* AppDelegate.swift */,
				CEB9A5DB24505B6A00B435C3 /* SceneDelegate.swift */,
				CEB9A5DD24505B6A00B435C3 /* ViewController.swift */,
				CEB9A5DF24505B6A00B435C3 /* Main.storyboard */,
				CEB9A5E224505B6B00B435C3 /* Assets.xcassets */,
				CEB9A5E424505B6B00B435C3 /* LaunchScreen.storyboard */,
				CEB9A5E724505B6B00B435C3 /* Info.plist */,
			);
			path = navigation;
			sourceTree = "<group>";
		};
		CEB9A5ED24505BE300B435C3 /* Views */ = {
			isa = PBXGroup;
			children = (
				CEB9A5EE24505BF800B435C3 /* XANHViewController.swift */,
				CEB9A5F024505C6300B435C3 /* VANGViewController.swift */,
			);
			path = Views;
			sourceTree = "<group>";
		};
		CEB9A5F224506B9700B435C3 /* Models */ = {
			isa = PBXGroup;
			children = (
				CEB9A5F324506BB200B435C3 /* HamChuyenManHinh.swift */,
			);
			path = Models;
			sourceTree = "<group>";
		};
/* End PBXGroup section */

/* Begin PBXNativeTarget section */
		CEB9A5D524505B6A00B435C3 /* navigation */ = {
			isa = PBXNativeTarget;
			buildConfigurationList = CEB9A5EA24505B6B00B435C3 /* Build configuration list for PBXNativeTarget "navigation" */;
			buildPhases = (
				CEB9A5D224505B6A00B435C3 /* Sources */,
				CEB9A5D324505B6A00B435C3 /* Frameworks */,
				CEB9A5D424505B6A00B435C3 /* Resources */,
			);
			buildRules = (
			);
			dependencies = (
			);
			name = navigation;
			productName = navigation;
			productReference = CEB9A5D624505B6A00B435C3 /* navigation.app */;
			productType = "com.apple.product-type.application";
		};
/* End PBXNativeTarget section */

/* Begin PBXProject section */
		CEB9A5CE24505B6A00B435C3 /* Project object */ = {
			isa = PBXProject;
			attributes = {
				LastSwiftUpdateCheck = 1140;
				LastUpgradeCheck = 1140;
				ORGANIZATIONNAME = "Danny Diep";
				TargetAttributes = {
					CEB9A5D524505B6A00B435C3 = {
						CreatedOnToolsVersion = 11.4;
					};
				};
			};
			buildConfigurationList = CEB9A5D124505B6A00B435C3 /* Build configuration list for PBXProject "navigation" */;
			compatibilityVersion = "Xcode 9.3";
			developmentRegion = en;
			hasScannedForEncodings = 0;
			knownRegions = (
				en,
				Base,
			);
			mainGroup = CEB9A5CD24505B6A00B435C3;
			productRefGroup = CEB9A5D724505B6A00B435C3 /* Products */;
			projectDirPath = "";
			projectRoot = "";
			targets = (
				CEB9A5D524505B6A00B435C3 /* navigation */,
			);
		};
/* End PBXProject section */

/* Begin PBXResourcesBuildPhase section */
		CEB9A5D424505B6A00B435C3 /* Resources */ = {
			isa = PBXResourcesBuildPhase;
			buildActionMask = 2147483647;
			files = (
				CEB9A5E624505B6B00B435C3 /* LaunchScreen.storyboard in Resources */,
				CEB9A5E324505B6B00B435C3 /* Assets.xcassets in Resources */,
				CEB9A5E124505B6A00B435C3 /* Main.storyboard in Resources */,
			);
			runOnlyForDeploymentPostprocessing = 0;
		};
/* End PBXResourcesBuildPhase section */

/* Begin PBXSourcesBuildPhase section */
		CEB9A5D224505B6A00B435C3 /* Sources */ = {
			isa = PBXSourcesBuildPhase;
			buildActionMask = 2147483647;
			files = (
				CEB9A5DE24505B6A00B435C3 /* ViewController.swift in Sources */,
				CEB9A5F124505C6300B435C3 /* VANGViewController.swift in Sources */,
				CEB9A5EF24505BF800B435C3 /* XANHViewController.swift in Sources */,
				CEB9A5DA24505B6A00B435C3 /* AppDelegate.swift in Sources */,
				CEB9A5F424506BB200B435C3 /* HamChuyenManHinh.swift in Sources */,
				CEB9A5DC24505B6A00B435C3 /* SceneDelegate.swift in Sources */,
			);
			runOnlyForDeploymentPostprocessing = 0;
		};
/* End PBXSourcesBuildPhase section */

/* Begin PBXVariantGroup section */
		CEB9A5DF24505B6A00B435C3 /* Main.storyboard */ = {
			isa = PBXVariantGroup;
			children = (
				CEB9A5E024505B6A00B435C3 /* Base */,
			);
			name = Main.storyboard;
			sourceTree = "<group>";
		};
		CEB9A5E424505B6B00B435C3 /* LaunchScreen.storyboard */ = {
			isa = PBXVariantGroup;
			children = (
				CEB9A5E524505B6B00B435C3 /* Base */,
			);
			name = LaunchScreen.storyboard;
			sourceTree = "<group>";
		};
/* End PBXVariantGroup section */

/* Begin XCBuildConfiguration section */
		CEB9A5E824505B6B00B435C3 /* Debug */ = {
			isa = XCBuildConfiguration;
			buildSettings = {
				ALWAYS_SEARCH_USER_PATHS = NO;
				CLANG_ANALYZER_NONNULL = YES;
				CLANG_ANALYZER_NUMBER_OBJECT_CONVERSION = YES_AGGRESSIVE;
				CLANG_CXX_LANGUAGE_STANDARD = "gnu++14";
				CLANG_CXX_LIBRARY = "libc++";
				CLANG_ENABLE_MODULES = YES;
				CLANG_ENABLE_OBJC_ARC = YES;
				CLANG_ENABLE_OBJC_WEAK = YES;
				CLANG_WARN_BLOCK_CAPTURE_AUTORELEASING = YES;
				CLANG_WARN_BOOL_CONVERSION = YES;
				CLANG_WARN_COMMA = YES;
				CLANG_WARN_CONSTANT_CONVERSION = YES;
				CLANG_WARN_DEPRECATED_OBJC_IMPLEMENTATIONS = YES;
				CLANG_WARN_DIRECT_OBJC_ISA_USAGE = YES_ERROR;
				CLANG_WARN_DOCUMENTATION_COMMENTS = YES;
				CLANG_WARN_EMPTY_BODY = YES;
				CLANG_WARN_ENUM_CONVERSION = YES;
				CLANG_WARN_INFINITE_RECURSION = YES;
				CLANG_WARN_INT_CONVERSION = YES;
				CLANG_WARN_NON_LITERAL_NULL_CONVERSION = YES;
				CLANG_WARN_OBJC_IMPLICIT_RETAIN_SELF = YES;
				CLANG_WARN_OBJC_LITERAL_CONVERSION = YES;
				CLANG_WARN_OBJC_ROOT_CLASS = YES_ERROR;
				CLANG_WARN_RANGE_LOOP_ANALYSIS = YES;
				CLANG_WARN_STRICT_PROTOTYPES = YES;
				CLANG_WARN_SUSPICIOUS_MOVE = YES;
				CLANG_WARN_UNGUARDED_AVAILABILITY = YES_AGGRESSIVE;
				CLANG_WARN_UNREACHABLE_CODE = YES;
				CLANG_WARN__DUPLICATE_METHOD_MATCH = YES;
				COPY_PHASE_STRIP = NO;
				DEBUG_INFORMATION_FORMAT = dwarf;
				ENABLE_STRICT_OBJC_MSGSEND = YES;
				ENABLE_TESTABILITY = YES;
				GCC_C_LANGUAGE_STANDARD = gnu11;
				GCC_DYNAMIC_NO_PIC = NO;
				GCC_NO_COMMON_BLOCKS = YES;
				GCC_OPTIMIZATION_LEVEL = 0;
				GCC_PREPROCESSOR_DEFINITIONS = (
					"DEBUG=1",
					"$(inherited)",
				);
				GCC_WARN_64_TO_32_BIT_CONVERSION = YES;
				GCC_WARN_ABOUT_RETURN_TYPE = YES_ERROR;
				GCC_WARN_UNDECLARED_SELECTOR = YES;
				GCC_WARN_UNINITIALIZED_AUTOS = YES_AGGRESSIVE;
				GCC_WARN_UNUSED_FUNCTION = YES;
				GCC_WARN_UNUSED_VARIABLE = YES;
				IPHONEOS_DEPLOYMENT_TARGET = 13.4;
				MTL_ENABLE_DEBUG_INFO = INCLUDE_SOURCE;
				MTL_FAST_MATH = YES;
				ONLY_ACTIVE_ARCH = YES;
				SDKROOT = iphoneos;
				SWIFT_ACTIVE_COMPILATION_CONDITIONS = DEBUG;
				SWIFT_OPTIMIZATION_LEVEL = "-Onone";
			};
			name = Debug;
		};
		CEB9A5E924505B6B00B435C3 /* Release */ = {
			isa = XCBuildConfiguration;
			buildSettings = {
				ALWAYS_SEARCH_USER_PATHS = NO;
				CLANG_ANALYZER_NONNULL = YES;
				CLANG_ANALYZER_NUMBER_OBJECT_CONVERSION = YES_AGGRESSIVE;
				CLANG_CXX_LANGUAGE_STANDARD = "gnu++14";
				CLANG_CXX_LIBRARY = "libc++";
				CLANG_ENABLE_MODULES = YES;
				CLANG_ENABLE_OBJC_ARC = YES;
				CLANG_ENABLE_OBJC_WEAK = YES;
				CLANG_WARN_BLOCK_CAPTURE_AUTORELEASING = YES;
				CLANG_WARN_BOOL_CONVERSION = YES;
				CLANG_WARN_COMMA = YES;
				CLANG_WARN_CONSTANT_CONVERSION = YES;
				CLANG_WARN_DEPRECATED_OBJC_IMPLEMENTATIONS = YES;
				CLANG_WARN_DIRECT_OBJC_ISA_USAGE = YES_ERROR;
				CLANG_WARN_DOCUMENTATION_COMMENTS = YES;
				CLANG_WARN_EMPTY_BODY = YES;
				CLANG_WARN_ENUM_CONVERSION = YES;
				CLANG_WARN_INFINITE_RECURSION = YES;
				CLANG_WARN_INT_CONVERSION = YES;
				CLANG_WARN_NON_LITERAL_NULL_CONVERSION = YES;
				CLANG_WARN_OBJC_IMPLICIT_RETAIN_SELF = YES;
				CLANG_WARN_OBJC_LITERAL_CONVERSION = YES;
				CLANG_WARN_OBJC_ROOT_CLASS = YES_ERROR;
				CLANG_WARN_RANGE_LOOP_ANALYSIS = YES;
				CLANG_WARN_STRICT_PROTOTYPES = YES;
				CLANG_WARN_SUSPICIOUS_MOVE = YES;
				CLANG_WARN_UNGUARDED_AVAILABILITY = YES_AGGRESSIVE;
				CLANG_WARN_UNREACHABLE_CODE = YES;
				CLANG_WARN__DUPLICATE_METHOD_MATCH = YES;
				COPY_PHASE_STRIP = NO;
				DEBUG_INFORMATION_FORMAT = "dwarf-with-dsym";
				ENABLE_NS_ASSERTIONS = NO;
				ENABLE_STRICT_OBJC_MSGSEND = YES;
				GCC_C_LANGUAGE_STANDARD = gnu11;
				GCC_NO_COMMON_BLOCKS = YES;
				GCC_WARN_64_TO_32_BIT_CONVERSION = YES;
				GCC_WARN_ABOUT_RETURN_TYPE = YES_ERROR;
				GCC_WARN_UNDECLARED_SELECTOR = YES;
				GCC_WARN_UNINITIALIZED_AUTOS = YES_AGGRESSIVE;
				GCC_WARN_UNUSED_FUNCTION = YES;
				GCC_WARN_UNUSED_VARIABLE = YES;
				IPHONEOS_DEPLOYMENT_TARGET = 13.4;
				MTL_ENABLE_DEBUG_INFO = NO;
				MTL_FAST_MATH = YES;
				SDKROOT = iphoneos;
				SWIFT_COMPILATION_MODE = wholemodule;
				SWIFT_OPTIMIZATION_LEVEL = "-O";
				VALIDATE_PRODUCT = YES;
			};
			name = Release;
		};
		CEB9A5EB24505B6B00B435C3 /* Debug */ = {
			isa = XCBuildConfiguration;
			buildSettings = {
				ASSETCATALOG_COMPILER_APPICON_NAME = AppIcon;
				CODE_SIGN_STYLE = Automatic;
				DEVELOPMENT_TEAM = A96XG5S2KW;
				INFOPLIST_FILE = navigation/Info.plist;
				LD_RUNPATH_SEARCH_PATHS = (
					"$(inherited)",
					"@executable_path/Frameworks",
				);
				PRODUCT_BUNDLE_IDENTIFIER = com.dannydiepvu.navigation;
				PRODUCT_NAME = "$(TARGET_NAME)";
				SWIFT_VERSION = 5.0;
				TARGETED_DEVICE_FAMILY = "1,2";
			};
			name = Debug;
		};
		CEB9A5EC24505B6B00B435C3 /* Release */ = {
			isa = XCBuildConfiguration;
			buildSettings = {
				ASSETCATALOG_COMPILER_APPICON_NAME = AppIcon;
				CODE_SIGN_STYLE = Automatic;
				DEVELOPMENT_TEAM = A96XG5S2KW;
				INFOPLIST_FILE = navigation/Info.plist;
				LD_RUNPATH_SEARCH_PATHS = (
					"$(inherited)",
					"@executable_path/Frameworks",
				);
				PRODUCT_BUNDLE_IDENTIFIER = com.dannydiepvu.navigation;
				PRODUCT_NAME = "$(TARGET_NAME)";
				SWIFT_VERSION = 5.0;
				TARGETED_DEVICE_FAMILY = "1,2";
			};
			name = Release;
		};
/* End XCBuildConfiguration section */

/* Begin XCConfigurationList section */
		CEB9A5D124505B6A00B435C3 /* Build configuration list for PBXProject "navigation" */ = {
			isa = XCConfigurationList;
			buildConfigurations = (
				CEB9A5E824505B6B00B435C3 /* Debug */,
				CEB9A5E924505B6B00B435C3 /* Release */,
			);
			defaultConfigurationIsVisible = 0;
			defaultConfigurationName = Release;
		};
		CEB9A5EA24505B6B00B435C3 /* Build configuration list for PBXNativeTarget "navigation" */ = {
			isa = XCConfigurationList;
			buildConfigurations = (
				CEB9A5EB24505B6B00B435C3 /* Debug */,
				CEB9A5EC24505B6B00B435C3 /* Release */,
			);
			defaultConfigurationIsVisible = 0;
			defaultConfigurationName = Release;
		};
/* End XCConfigurationList section */
	};
	rootObject = CEB9A5CE24505B6A00B435C3 /* Project object */;
}
